github.com/BurntSushi/toml v0.3.1/go.mod h1:xHWCNGjB5oqiDr8zfno3MHue2Ht5sIBksp03qcyfWMU=
github.com/beorn7/perks v1.0.1/go.mod h1:G2ZrVWU2WbWT9wwq4/hrbKbnv/1ERSJQ0ibhJ6rlkpw=
github.com/davecgh/go-spew v1.1.0/go.mod h1:J7Y8YcW2NihsgmVo/mv3lAwl/skON4iLHjSsI+c5H38=
github.com/davecgh/go-spew v1.1.1/go.mod h1:J7Y8YcW2NihsgmVo/mv3lAwl/skON4iLHjSsI+c5H38=
github.com/fsnotify/fsnotify v1.4.7/go.mod h1:jwhsz4b93w/PPRr/qN1Yymfu8t87LnFCMoQvtojpjFo=
github.com/golang/protobuf v1.3.2/go.mod h1:6lQm79b+lXiMfvg/cZm0SGofjICqVBUtrP5yJMmIC1U=
github.com/google/renameio v0.1.0/go.mod h1:KWCgfxg9yswjAJkECMjeO8J8rahYeXnNhOm40UhjYkI=
github.com/gottingen/atomic v1.0.0 h1:P8olnc90LjVzIf0ik9tvV7TK3VbgslfKJOoo+3U4EpQ=
github.com/gottingen/atomic v1.0.0/go.mod h1:CmXcUrII6mwtdJJ2qMt9AfkvyTYCBmHUpl4tHwRuxNg=
github.com/gottingen/buffer v0.0.1 h1:tHnD+6g352Mo01a9Yg7jbH2V6C/XdbH6dTOdelX7wLM=
github.com/gottingen/buffer v0.0.1/go.mod h1:wNL6NhY00RayYbCDfPW2OeRgPnzst01d5nIkJJFwdTI=
github.com/gottingen/buffer v0.0.2 h1:aytIXRvcjN+BWld/EeIWnzwjiViGUSG64GbFqm2jxCs=
github.com/gottingen/buffer v0.0.2/go.mod h1:eqqLx58iRcc0kI+nNYcVZIzZPt2aE8ShxwuKA+CnmWI=
github.com/gottingen/felix v0.4.1/go.mod h1:E8gSDgWao9uje7U3HTm3q7JFdxHAs2ApBpjMZ2O1noQ=
github.com/gottingen/gekko v1.2.3 h1:WvHPxrxFez/K7kTv70VAUFMSWchGSjK3MsfHGLjGUvw=
github.com/gottingen/gekko v1.2.3/go.mod h1:ZpXNZUGJsnujLAlS9Mzo+ja87uABldkq+VksImt20XE=
github.com/gottingen/gekko v1.3.0 h1:7Z0Mpa3VvTd3VYywug/WcC7+my7APmir4KpQygc1gWA=
github.com/gottingen/gekko v1.3.0/go.mod h1:kvpZh1CwchS60GhDe/FeigwKuN7egWxTmjcVxPH+yzA=
github.com/gottingen/kgb v0.1.0/go.mod h1:IDPE3kbo7++uR0PRx14xW07jbylYxj/XIrD9hDop51M=
github.com/gottingen/kmetrics v0.0.0-20191020170523-343179a4002b/go.mod h1:oDuit9c7zHQTtI2zv55u32fKgibmcMNfzYs20up6Rj0=
github.com/gottingen/network v0.0.1 h1:vorzIC9tTOjNHO6syH15S9iiXX3Cx722peEk7VkObZs=
github.com/gottingen/network v0.0.1/go.mod h1:39fPSLpyhfnFH07myQxfWZ3swuWf85XhcX9I2zXyg5o=
github.com/gottingen/network v0.0.2 h1:k0FopVNjEFrzdi6w69d73vbO6Mjr0MuvUWM99XRjtoE=
github.com/gottingen/network v0.0.2/go.mod h1:39fPSLpyhfnFH07myQxfWZ3swuWf85XhcX9I2zXyg5o=
github.com/gottingen/network v0.0.3 h1:2hTSeeC9rlzVw8T4vwFfuO5fUgQTewUgW4Kh6+eEcUc=
github.com/gottingen/network v0.0.3/go.mod h1:39fPSLpyhfnFH07myQxfWZ3swuWf85XhcX9I2zXyg5o=
github.com/gottingen/network v0.0.4 h1:TAvDOFADObJ8AEBTzcI+fHj2ECe89ynqKuLf4tw4E6A=
github.com/gottingen/network v0.0.4/go.mod h1:39fPSLpyhfnFH07myQxfWZ3swuWf85XhcX9I2zXyg5o=
github.com/gottingen/viper v0.0.0-20191214070636-51b1a15146e7 h1:gjG8PYfkkvjeBTzv52s5mxJiaexdGtd5fM+bJ+hOfFc=
github.com/gottingen/viper v0.0.0-20191214070636-51b1a15146e7/go.mod h1:fGA0DMOSm3jITKz7lVyVXHSLq/40urdycG/NEJTLGNw=
github.com/gottingen/viper v0.1.1 h1:E0KKwKvGJLYPSfNJ9ubpV49OWy70IjYA7sCjPtyq4Ds=
github.com/gottingen/viper v0.1.1/go.mod h1:Rfj/uKrsFCJJ/+vo7Um4qPxEaVcfsmAvSd32hLZkFBw=
github.com/gottingen/viper v0.1.2 h1:vEC9aqQIojZPSUxrDMp7wGF2PrJCvU5liPsWw1YrMuA=
github.com/gottingen/viper v0.1.2/go.mod h1:Rfj/uKrsFCJJ/+vo7Um4qPxEaVcfsmAvSd32hLZkFBw=
github.com/hashicorp/hcl v1.0.0/go.mod h1:E5yfLk+7swimpb2L/Alb/PJmXilQ/rhwaUYs4T20WEQ=
github.com/jehiah/go-strftime v0.0.0-20171201141054-1d33003b3869/go.mod h1:cJ6Cj7dQo+O6GJNiMx+Pa94qKj+TG8ONdKHgMNIyyag=
github.com/kisielk/gotool v1.0.0/go.mod h1:XhKaO+MFFWcvkIS/tQcRk01m1F5IRFswLeQ+oQHNcck=
github.com/klauspost/compress v1.8.2/go.mod h1:RyIbtBH6LamlWaDj8nUwkbUhJ87Yi3uG0guNDohfE1A=
github.com/klauspost/compress v1.9.3 h1:hkFELABwacUEgBfiguNeQydKv3M9pawBq8o24Ypw9+M=
github.com/klauspost/compress v1.9.3/go.mod h1:RyIbtBH6LamlWaDj8nUwkbUhJ87Yi3uG0guNDohfE1A=
github.com/klauspost/cpuid v1.2.1/go.mod h1:Pj4uuM528wm8OyEC2QMXAi2YiTZ96dNQPGgoMS4s3ek=
github.com/kr/pretty v0.1.0/go.mod h1:dAy3ld7l9f0ibDNOQOHHMYYIIbhfbHSm3C4ZsoJORNo=
github.com/kr/pty v1.1.1/go.mod h1:pFQYn66WHrOpPYNljwOMqo10TkYh1fy3cYio2l3bCsQ=
github.com/kr/text v0.1.0/go.mod h1:4Jbv+DJW3UT/LiOwJeYQe1efqtUx/iVham/4vfdArNI=
github.com/m3db/prometheus_client_golang v0.8.1/go.mod h1:8R/f1xYhXWq59KD/mbRqoBulXejss7vYtYzWmruNUwI=
github.com/m3db/prometheus_client_model v0.1.0/go.mod h1:Qfsxn+LypxzF+lNhak7cF7k0zxK7uB/ynGYoj80zcD4=
github.com/m3db/prometheus_common v0.1.0/go.mod h1:EBmDQaMAy4B8i+qsg1wMXAelLNVbp49i/JOeVszQ/rs=
github.com/m3db/prometheus_procfs v0.8.1/go.mod h1:N8lv8fLh3U3koZx1Bnisj60GYUMDpWb09x1R+dmMOJo=
github.com/magiconair/properties v1.8.1/go.mod h1:PppfXfuXeibc/6YijjN8zIbojt8czPbwD3XqdrwzmxQ=
github.com/matttproud/golang_protobuf_extensions v1.0.1/go.mod h1:D8He9yQNgCq6Z5Ld7szi9bcBfOoFv/3dc6xSMkL2PC0=
github.com/pelletier/go-toml v1.6.0/go.mod h1:5N711Q9dKgbdkxHL+MEfF31hpT7l0S0s/t2kKREewys=
github.com/pkg/errors v0.8.1/go.mod h1:bwawxfHBFNV+L2hUp1rHADufV3IMtnDRdf1r5NINEl0=
github.com/pmezard/go-difflib v1.0.0/go.mod h1:iKH77koFhYxTK1pcRnkKkqfTogsbg7gZNVY4sRDYZ/4=
github.com/rogpeppe/go-internal v1.3.0/go.mod h1:M8bDsm7K2OlrFYOpmOWEs/qY81heoFRclV5y23lUDJ4=
github.com/stretchr/objx v0.1.0/go.mod h1:HFkY916IF+rwdDfMAkV7OtwuqBVzrE8GR6GFx+wExME=
github.com/stretchr/testify v1.3.0/go.mod h1:M5WIy9Dh21IEIfnGCwXGc5bZfKNJtfHm1UVUgZn+9EI=
github.com/stretchr/testify v1.4.0/go.mod h1:j7eGeouHqKxXV5pUuKE4zz7dFj8WfuZ+81PSLYec5m4=
go.uber.org/atomic v1.5.0 h1:OI5t8sDa1Or+q8AeE+yKeB/SDYioSHAgcVljj9JIETY=
go.uber.org/atomic v1.5.0/go.mod h1:sABNBOSYdrvTF6hTgEIbc7YasKWGhgEQZyfxyTvoXHQ=
go.uber.org/multierr v1.3.0 h1:sFPn2GLc3poCkfrpIXGhBD2X0CMIo4Q/zSULXrj/+uc=
go.uber.org/multierr v1.3.0/go.mod h1:VgVr7evmIr6uPjLBxg28wmKNXyqE9akIJ5XnfpiKl+4=
go.uber.org/tools v0.0.0-20190618225709-2cfd321de3ee/go.mod h1:vJERXedbb3MVM5f9Ejo0C68/HhF8uaILCdgjnY+goOA=
golang.org/x/crypto v0.0.0-20190308221718-c2843e01d9a2/go.mod h1:djNgcEr1/C05ACkg1iLfiJU5Ep61QUkGW8qpdssI0+w=
golang.org/x/crypto v0.0.0-20190510104115-cbcb75029529/go.mod h1:yigFU9vqHzYiE8UmvKecakEJjdnWj3jj499lnFckfCI=
golang.org/x/lint v0.0.0-20190930215403-16217165b5de/go.mod h1:6SW0HCj/g11FgYtHlgUYUwCkIfeOF89ocIRzGO/8vkc=
golang.org/x/mod v0.0.0-20190513183733-4bf6d317e70e/go.mod h1:mXi4GBBbnImb6dmsKGUJ2LatrhH/nqhxcFungHvyanc=
golang.org/x/net v0.0.0-20190311183353-d8887717615a/go.mod h1:t9HGtf8HONx5eT2rtn7q6eTqICYqUVnKs3thJo3Qplg=
golang.org/x/net v0.0.0-20190404232315-eb5bcb51f2a3/go.mod h1:t9HGtf8HONx5eT2rtn7q6eTqICYqUVnKs3thJo3Qplg=
golang.org/x/net v0.0.0-20190620200207-3b0461eec859/go.mod h1:z5CRVTTTmAJ677TzLLGU+0bjPO0LkuOLi4/5GtJWs/s=
golang.org/x/net v0.0.0-20190827160401-ba9fcec4b297/go.mod h1:z5CRVTTTmAJ677TzLLGU+0bjPO0LkuOLi4/5GtJWs/s=
golang.org/x/sync v0.0.0-20190423024810-112230192c58/go.mod h1:RxMgew5VJxzue5/jJTE5uejpjVlOe/izrB70Jof72aM=
golang.org/x/sys v0.0.0-20190215142949-d0b11bdaac8a/go.mod h1:STP8DvDyc/dI5b8T5hshtkjS+E42TnysNCUPdjciGhY=
golang.org/x/sys v0.0.0-20190412213103-97732733099d/go.mod h1:h1NjWce9XRLGQEsW7wpKNCjG9DtNlClVuFLEZdDNbEs=
golang.org/x/sys v0.0.0-20191118133127-cf1e2d577169/go.mod h1:h1NjWce9XRLGQEsW7wpKNCjG9DtNlClVuFLEZdDNbEs=
golang.org/x/text v0.3.0/go.mod h1:NqM8EUOU14njkJ3fqMW+pc6Ldnwhi/IjpwHt7yyuwOQ=
golang.org/x/text v0.3.2/go.mod h1:bEr9sfX3Q8Zfm5fL9x+3itogRgK3+ptLWKqgva+5dAk=
golang.org/x/tools v0.0.0-20180917221912-90fa682c2a6e/go.mod h1:n7NCudcB/nEzxVGmLbDWY5pfWTLqBcC2KZ6jyYvM4mQ=
golang.org/x/tools v0.0.0-20190311212946-11955173bddd/go.mod h1:LCzVGOaR6xXOjkQ3onu1FJEFr0SW1gC7cKk1uF8kGRs=
golang.org/x/tools v0.0.0-20190621195816-6e04913cbbac/go.mod h1:/rFqwRUd4F7ZHNgwSSTFct+R/Kf4OFW1sUzUTQQTgfc=
golang.org/x/tools v0.0.0-20191029041327-9cc4af7d6b2c/go.mod h1:b+2E5dAYhXwXZwtnZ6UAqBI28+e2cm9otk0dWdXHAEo=
golang.org/x/tools v0.0.0-20191029190741-b9c20aec41a5/go.mod h1:b+2E5dAYhXwXZwtnZ6UAqBI28+e2cm9otk0dWdXHAEo=
golang.org/x/xerrors v0.0.0-20190717185122-a985d3407aa7/go.mod h1:I/5z698sn9Ka8TeJc9MKroUUfqBBauWjQqLJ2OPfmY0=
gopkg.in/check.v1 v0.0.0-20161208181325-20d25e280405/go.mod h1:Co6ibVJAznAaIkqp8huTwlJQCZ016jof/cbN4VW5Yz0=
gopkg.in/check.v1 v1.0.0-20180628173108-788fd7840127/go.mod h1:Co6ibVJAznAaIkqp8huTwlJQCZ016jof/cbN4VW5Yz0=
gopkg.in/errgo.v2 v2.1.0/go.mod h1:hNsd1EY+bozCKY1Ytp96fpM3vjJbqLJn88ws8XvfDNI=
gopkg.in/yaml.v2 v2.2.2/go.mod h1:hI93XBmqTisBFMUTm0b8Fm+jr3Dg1NNxqwp+5A1VGuI=
gopkg.in/yaml.v2 v2.2.4/go.mod h1:hI93XBmqTisBFMUTm0b8Fm+jr3Dg1NNxqwp+5A1VGuI=
gopkg.in/yaml.v2 v2.2.7/go.mod h1:hI93XBmqTisBFMUTm0b8Fm+jr3Dg1NNxqwp+5A1VGuI=
honnef.co/go/tools v0.0.1-2019.2.3/go.mod h1:a3bituU0lyd329TUQxRnasdCoJDkEUEAqEt0JzvZhAg=
